
Microsoft Visual Studio Solution File, Format Version 12.00
# Visual Studio Version 17
VisualStudioVersion = 17.0.31903.59
MinimumVisualStudioVersion = 10.0.40219.1
Project("{2150E333-8FDC-42A3-9474-1A3956D46DE8}") = "src", "src", "{AAFB893C-FD71-47F3-BEB6-4EC0264B6EAF}"
EndProject
Project("{FAE04EC0-301F-11D3-BF4B-00C04F79EFBC}") = "EndfieldAicWeb.Domain", "src\EndfieldAicWeb.Domain\EndfieldAicWeb.Domain.csproj", "{82FA6C60-E21E-4CA3-85E5-B3F98437836C}"
EndProject
Project("{FAE04EC0-301F-11D3-BF4B-00C04F79EFBC}") = "EndfieldAicWeb.Application", "src\EndfieldAicWeb.Application\EndfieldAicWeb.Application.csproj", "{923F0662-9744-44AF-A9D4-53FD5ED9EC46}"
EndProject
Project("{FAE04EC0-301F-11D3-BF4B-00C04F79EFBC}") = "EndfieldAicWeb.Infrastructure", "src\EndfieldAicWeb.Infrastructure\EndfieldAicWeb.Infrastructure.csproj", "{925531C8-BD6F-4171-AFB7-6F265CA5B42F}"
EndProject
Project("{FAE04EC0-301F-11D3-BF4B-00C04F79EFBC}") = "EndfieldAicWeb.App", "src\EndfieldAicWeb.App\EndfieldAicWeb.App.csproj", "{01440502-6B84-47C7-AE49-78C554E54D45}"
EndProject
Project("{FAE04EC0-301F-11D3-BF4B-00C04F79EFBC}") = "EndfieldAicWeb.Admin", "src\EndfieldAicWeb.Admin\EndfieldAicWeb.Admin.csproj", "{34905C99-E1C4-4FC0-AD26-6A63CBFD75A2}"
EndProject
Project("{2150E333-8FDC-42A3-9474-1A3956D46DE8}") = "tests", "tests", "{28A69DA2-91B8-49EF-8E22-0A711C2263A7}"
EndProject
Project("{FAE04EC0-301F-11D3-BF4B-00C04F79EFBC}") = "EndfieldAicWeb.Domain.Tests", "tests\EndfieldAicWeb.Domain.Tests\EndfieldAicWeb.Domain.Tests.csproj", "{6434ADF5-501E-47CA-A9E8-CBACC7E33206}"
EndProject
Project("{FAE04EC0-301F-11D3-BF4B-00C04F79EFBC}") = "EndfieldAicWeb.Infrastructure.Tests", "tests\EndfieldAicWeb.Infrastructure.Tests\EndfieldAicWeb.Infrastructure.Tests.csproj", "{A6CBF2A8-7CDF-4762-8F0D-713E89FB1692}"
EndProject
Project("{FAE04EC0-301F-11D3-BF4B-00C04F79EFBC}") = "EndfieldAicWeb.Application.Tests", "tests\EndfieldAicWeb.Application.Tests\EndfieldAicWeb.Application.Tests.csproj", "{7815711E-706E-4973-861D-45BAA88D297A}"
EndProject
Project("{FAE04EC0-301F-11D3-BF4B-00C04F79EFBC}") = "EndfieldAicWeb.Admin.Tests", "tests\EndfieldAicWeb.Admin.Tests\EndfieldAicWeb.Admin.Tests.csproj", "{EBA94537-AEDF-4DF0-9652-EFE9CD17FCB1}"
EndProject
Project("{FAE04EC0-301F-11D3-BF4B-00C04F79EFBC}") = "EndfieldAicWeb.SharedUi", "src\EndfieldAicWeb.SharedUi\EndfieldAicWeb.SharedUi.csproj", "{FDF28FB9-9808-4D30-A3E3-2D9EF2E7EB7C}"
EndProject
Global
	GlobalSection(SolutionConfigurationPlatforms) = preSolution
		Debug|Any CPU = Debug|Any CPU
		Release|Any CPU = Release|Any CPU
	EndGlobalSection
	GlobalSection(SolutionProperties) = preSolution
		HideSolutionNode = FALSE
	EndGlobalSection
	GlobalSection(ProjectConfigurationPlatforms) = postSolution
		{82FA6C60-E21E-4CA3-85E5-B3F98437836C}.Debug|Any CPU.ActiveCfg = Debug|Any CPU
		{82FA6C60-E21E-4CA3-85E5-B3F98437836C}.Debug|Any CPU.Build.0 = Debug|Any CPU
		{82FA6C60-E21E-4CA3-85E5-B3F98437836C}.Release|Any CPU.ActiveCfg = Release|Any CPU
		{82FA6C60-E21E-4CA3-85E5-B3F98437836C}.Release|Any CPU.Build.0 = Release|Any CPU
		{923F0662-9744-44AF-A9D4-53FD5ED9EC46}.Debug|Any CPU.ActiveCfg = Debug|Any CPU
		{923F0662-9744-44AF-A9D4-53FD5ED9EC46}.Debug|Any CPU.Build.0 = Debug|Any CPU
		{923F0662-9744-44AF-A9D4-53FD5ED9EC46}.Release|Any CPU.ActiveCfg = Release|Any CPU
		{923F0662-9744-44AF-A9D4-53FD5ED9EC46}.Release|Any CPU.Build.0 = Release|Any CPU
		{925531C8-BD6F-4171-AFB7-6F265CA5B42F}.Debug|Any CPU.ActiveCfg = Debug|Any CPU
		{925531C8-BD6F-4171-AFB7-6F265CA5B42F}.Debug|Any CPU.Build.0 = Debug|Any CPU
		{925531C8-BD6F-4171-AFB7-6F265CA5B42F}.Release|Any CPU.ActiveCfg = Release|Any CPU
		{925531C8-BD6F-4171-AFB7-6F265CA5B42F}.Release|Any CPU.Build.0 = Release|Any CPU
		{01440502-6B84-47C7-AE49-78C554E54D45}.Debug|Any CPU.ActiveCfg = Debug|Any CPU
		{01440502-6B84-47C7-AE49-78C554E54D45}.Debug|Any CPU.Build.0 = Debug|Any CPU
		{01440502-6B84-47C7-AE49-78C554E54D45}.Release|Any CPU.ActiveCfg = Release|Any CPU
		{01440502-6B84-47C7-AE49-78C554E54D45}.Release|Any CPU.Build.0 = Release|Any CPU
		{34905C99-E1C4-4FC0-AD26-6A63CBFD75A2}.Debug|Any CPU.ActiveCfg = Debug|Any CPU
		{34905C99-E1C4-4FC0-AD26-6A63CBFD75A2}.Debug|Any CPU.Build.0 = Debug|Any CPU
		{34905C99-E1C4-4FC0-AD26-6A63CBFD75A2}.Release|Any CPU.ActiveCfg = Release|Any CPU
		{34905C99-E1C4-4FC0-AD26-6A63CBFD75A2}.Release|Any CPU.Build.0 = Release|Any CPU
		{6434ADF5-501E-47CA-A9E8-CBACC7E33206}.Debug|Any CPU.ActiveCfg = Debug|Any CPU
		{6434ADF5-501E-47CA-A9E8-CBACC7E33206}.Debug|Any CPU.Build.0 = Debug|Any CPU
		{6434ADF5-501E-47CA-A9E8-CBACC7E33206}.Release|Any CPU.ActiveCfg = Release|Any CPU
		{6434ADF5-501E-47CA-A9E8-CBACC7E33206}.Release|Any CPU.Build.0 = Release|Any CPU
		{A6CBF2A8-7CDF-4762-8F0D-713E89FB1692}.Debug|Any CPU.ActiveCfg = Debug|Any CPU
		{A6CBF2A8-7CDF-4762-8F0D-713E89FB1692}.Debug|Any CPU.Build.0 = Debug|Any CPU
		{A6CBF2A8-7CDF-4762-8F0D-713E89FB1692}.Release|Any CPU.ActiveCfg = Release|Any CPU
		{A6CBF2A8-7CDF-4762-8F0D-713E89FB1692}.Release|Any CPU.Build.0 = Release|Any CPU
		{7815711E-706E-4973-861D-45BAA88D297A}.Debug|Any CPU.ActiveCfg = Debug|Any CPU
		{7815711E-706E-4973-861D-45BAA88D297A}.Debug|Any CPU.Build.0 = Debug|Any CPU
		{7815711E-706E-4973-861D-45BAA88D297A}.Release|Any CPU.ActiveCfg = Release|Any CPU
		{7815711E-706E-4973-861D-45BAA88D297A}.Release|Any CPU.Build.0 = Release|Any CPU
		{EBA94537-AEDF-4DF0-9652-EFE9CD17FCB1}.Debug|Any CPU.ActiveCfg = Debug|Any CPU
		{EBA94537-AEDF-4DF0-9652-EFE9CD17FCB1}.Debug|Any CPU.Build.0 = Debug|Any CPU
		{EBA94537-AEDF-4DF0-9652-EFE9CD17FCB1}.Release|Any CPU.ActiveCfg = Release|Any CPU
		{EBA94537-AEDF-4DF0-9652-EFE9CD17FCB1}.Release|Any CPU.Build.0 = Release|Any CPU
		{FDF28FB9-9808-4D30-A3E3-2D9EF2E7EB7C}.Debug|Any CPU.ActiveCfg = Debug|Any CPU
		{FDF28FB9-9808-4D30-A3E3-2D9EF2E7EB7C}.Debug|Any CPU.Build.0 = Debug|Any CPU
		{FDF28FB9-9808-4D30-A3E3-2D9EF2E7EB7C}.Release|Any CPU.ActiveCfg = Release|Any CPU
		{FDF28FB9-9808-4D30-A3E3-2D9EF2E7EB7C}.Release|Any CPU.Build.0 = Release|Any CPU
	EndGlobalSection
	GlobalSection(NestedProjects) = preSolution
		{82FA6C60-E21E-4CA3-85E5-B3F98437836C} = {AAFB893C-FD71-47F3-BEB6-4EC0264B6EAF}
		{923F0662-9744-44AF-A9D4-53FD5ED9EC46} = {AAFB893C-FD71-47F3-BEB6-4EC0264B6EAF}
		{925531C8-BD6F-4171-AFB7-6F265CA5B42F} = {AAFB893C-FD71-47F3-BEB6-4EC0264B6EAF}
		{01440502-6B84-47C7-AE49-78C554E54D45} = {AAFB893C-FD71-47F3-BEB6-4EC0264B6EAF}
		{34905C99-E1C4-4FC0-AD26-6A63CBFD75A2} = {AAFB893C-FD71-47F3-BEB6-4EC0264B6EAF}
		{6434ADF5-501E-47CA-A9E8-CBACC7E33206} = {28A69DA2-91B8-49EF-8E22-0A711C2263A7}
		{A6CBF2A8-7CDF-4762-8F0D-713E89FB1692} = {28A69DA2-91B8-49EF-8E22-0A711C2263A7}
		{7815711E-706E-4973-861D-45BAA88D297A} = {28A69DA2-91B8-49EF-8E22-0A711C2263A7}
		{EBA94537-AEDF-4DF0-9652-EFE9CD17FCB1} = {28A69DA2-91B8-49EF-8E22-0A711C2263A7}
		{FDF28FB9-9808-4D30-A3E3-2D9EF2E7EB7C} = {AAFB893C-FD71-47F3-BEB6-4EC0264B6EAF}
	EndGlobalSection
EndGlobal
